
Microsoft Visual Studio Solution File, Format Version 12.00
# Visual Studio Version 17
VisualStudioVersion = 17.4.33110.190
MinimumVisualStudioVersion = 10.0.40219.1
Project("{FAE04EC0-301F-11D3-BF4B-00C04F79EFBC}") = "Line Comparison", "Line Comparison.csproj", "{4A8BFE00-A468-4AF1-BD05-2CC4725FC214}"
EndProject
Global
	GlobalSection(SolutionConfigurationPlatforms) = preSolution
		Debug|Any CPU = Debug|Any CPU
		Release|Any CPU = Release|Any CPU
	EndGlobalSection
	GlobalSection(ProjectConfigurationPlatforms) = postSolution
		{4A8BFE00-A468-4AF1-BD05-2CC4725FC214}.Debug|Any CPU.ActiveCfg = Debug|Any CPU
		{4A8BFE00-A468-4AF1-BD05-2CC4725FC214}.Debug|Any CPU.Build.0 = Debug|Any CPU
		{4A8BFE00-A468-4AF1-BD05-2CC4725FC214}.Release|Any CPU.ActiveCfg = Release|Any CPU
		{4A8BFE00-A468-4AF1-BD05-2CC4725FC214}.Release|Any CPU.Build.0 = Release|Any CPU
	EndGlobalSection
	GlobalSection(SolutionProperties) = preSolution
		HideSolutionNode = FALSE
	EndGlobalSection
	GlobalSection(ExtensibilityGlobals) = postSolution
		SolutionGuid = {14F2466B-86F8-4FB1-ABC3-D09EF922E3AE}
	EndGlobalSection
EndGlobal
